
Microsoft Visual Studio Solution File, Format Version 12.00
# Visual Studio 15
VisualStudioVersion = 15.0.26124.0
MinimumVisualStudioVersion = 15.0.26124.0
Project("{FAE04EC0-301F-11D3-BF4B-00C04F79EFBC}") = "katas", "katas\katas.csproj", "{1AD49322-A3C0-4206-8D27-27D3E58A665A}"
EndProject
Project("{FAE04EC0-301F-11D3-BF4B-00C04F79EFBC}") = "tests", "tests\tests.csproj", "{0ECCD742-064E-47B0-AB14-2FEB4E78C34B}"
EndProject
Global
	GlobalSection(SolutionConfigurationPlatforms) = preSolution
		Debug|Any CPU = Debug|Any CPU
		Debug|x64 = Debug|x64
		Debug|x86 = Debug|x86
		Release|Any CPU = Release|Any CPU
		Release|x64 = Release|x64
		Release|x86 = Release|x86
	EndGlobalSection
	GlobalSection(SolutionProperties) = preSolution
		HideSolutionNode = FALSE
	EndGlobalSection
	GlobalSection(ProjectConfigurationPlatforms) = postSolution
		{1AD49322-A3C0-4206-8D27-27D3E58A665A}.Debug|Any CPU.ActiveCfg = Debug|Any CPU
		{1AD49322-A3C0-4206-8D27-27D3E58A665A}.Debug|Any CPU.Build.0 = Debug|Any CPU
		{1AD49322-A3C0-4206-8D27-27D3E58A665A}.Debug|x64.ActiveCfg = Debug|Any CPU
		{1AD49322-A3C0-4206-8D27-27D3E58A665A}.Debug|x64.Build.0 = Debug|Any CPU
		{1AD49322-A3C0-4206-8D27-27D3E58A665A}.Debug|x86.ActiveCfg = Debug|Any CPU
		{1AD49322-A3C0-4206-8D27-27D3E58A665A}.Debug|x86.Build.0 = Debug|Any CPU
		{1AD49322-A3C0-4206-8D27-27D3E58A665A}.Release|Any CPU.ActiveCfg = Release|Any CPU
		{1AD49322-A3C0-4206-8D27-27D3E58A665A}.Release|Any CPU.Build.0 = Release|Any CPU
		{1AD49322-A3C0-4206-8D27-27D3E58A665A}.Release|x64.ActiveCfg = Release|Any CPU
		{1AD49322-A3C0-4206-8D27-27D3E58A665A}.Release|x64.Build.0 = Release|Any CPU
		{1AD49322-A3C0-4206-8D27-27D3E58A665A}.Release|x86.ActiveCfg = Release|Any CPU
		{1AD49322-A3C0-4206-8D27-27D3E58A665A}.Release|x86.Build.0 = Release|Any CPU
		{0ECCD742-064E-47B0-AB14-2FEB4E78C34B}.Debug|Any CPU.ActiveCfg = Debug|Any CPU
		{0ECCD742-064E-47B0-AB14-2FEB4E78C34B}.Debug|Any CPU.Build.0 = Debug|Any CPU
		{0ECCD742-064E-47B0-AB14-2FEB4E78C34B}.Debug|x64.ActiveCfg = Debug|Any CPU
		{0ECCD742-064E-47B0-AB14-2FEB4E78C34B}.Debug|x64.Build.0 = Debug|Any CPU
		{0ECCD742-064E-47B0-AB14-2FEB4E78C34B}.Debug|x86.ActiveCfg = Debug|Any CPU
		{0ECCD742-064E-47B0-AB14-2FEB4E78C34B}.Debug|x86.Build.0 = Debug|Any CPU
		{0ECCD742-064E-47B0-AB14-2FEB4E78C34B}.Release|Any CPU.ActiveCfg = Release|Any CPU
		{0ECCD742-064E-47B0-AB14-2FEB4E78C34B}.Release|Any CPU.Build.0 = Release|Any CPU
		{0ECCD742-064E-47B0-AB14-2FEB4E78C34B}.Release|x64.ActiveCfg = Release|Any CPU
		{0ECCD742-064E-47B0-AB14-2FEB4E78C34B}.Release|x64.Build.0 = Release|Any CPU
		{0ECCD742-064E-47B0-AB14-2FEB4E78C34B}.Release|x86.ActiveCfg = Release|Any CPU
		{0ECCD742-064E-47B0-AB14-2FEB4E78C34B}.Release|x86.Build.0 = Release|Any CPU
	EndGlobalSection
EndGlobal
